{
  "version": 4,
  "terraform_version": "1.4.6",
  "serial": 6,
  "lineage": "ba1a78c3-a658-bd52-9419-ee24a20079ff",
  "outputs": {},
  "resources": [
    {
      "mode": "managed",
      "type": "nsxt_policy_group",
      "name": "policy_group",
      "provider": "provider[\"registry.terraform.io/vmware/nsxt\"]",
      "instances": [
        {
          "schema_version": 0,
          "attributes": {
            "conjunction": [],
            "criteria": [
              {
                "condition": [],
                "external_id_expression": [],
                "ipaddress_expression": [
                  {
                    "ip_addresses": [
                      "8.8.4.4/32",
                      "8.8.8.8/32"
                    ]
                  }
                ],
                "macaddress_expression": [],
                "path_expression": []
              }
            ],
            "description": "group1",
            "display_name": "group1",
            "domain": "default",
            "extended_criteria": [],
            "id": "f96f01d5-9033-4b4a-9280-09e09e25fd06",
            "nsx_id": "f96f01d5-9033-4b4a-9280-09e09e25fd06",
            "path": "/infra/domains/default/groups/f96f01d5-9033-4b4a-9280-09e09e25fd06",
            "revision": 0,
            "tag": []
          },
          "sensitive_attributes": [],
          "private": "bnVsbA=="
        }
      ]
    },
    {
      "mode": "managed",
      "type": "nsxt_policy_security_policy",
      "name": "security_policy",
      "provider": "provider[\"registry.terraform.io/vmware/nsxt\"]",
      "instances": [
        {
          "schema_version": 0,
          "attributes": {
            "category": "Application",
            "comments": "",
            "description": "policy01",
            "display_name": "policy01",
            "domain": "default",
            "id": "a8a0bae5-d4d2-4ace-a745-655779b0a86f",
            "locked": false,
            "nsx_id": "a8a0bae5-d4d2-4ace-a745-655779b0a86f",
            "path": "/infra/domains/default/security-policies/a8a0bae5-d4d2-4ace-a745-655779b0a86f",
            "revision": 1,
            "rule": [
              {
                "action": "ALLOW",
                "description": "rule01",
                "destination_groups": [
                  "/infra/domains/default/groups/f96f01d5-9033-4b4a-9280-09e09e25fd06"
                ],
                "destinations_excluded": false,
                "direction": "IN_OUT",
                "disabled": true,
                "display_name": "rule01",
                "ip_version": "IPV4_IPV6",
                "log_label": "",
                "logged": false,
                "notes": "",
                "nsx_id": "1549e51d-4793-425a-b44e-0d7ee9da21af",
                "profiles": [],
                "revision": 0,
                "rule_id": 1011,
                "scope": [],
                "sequence_number": 0,
                "services": [
                  "/infra/services/2b9310e3-d77a-4f6e-8cdf-3c9ae84f4205"
                ],
                "source_groups": [
                  "/infra/domains/default/groups/f96f01d5-9033-4b4a-9280-09e09e25fd06"
                ],
                "sources_excluded": false,
                "tag": []
              }
            ],
            "scope": [],
            "sequence_number": 0,
            "stateful": true,
            "tag": [],
            "tcp_strict": false
          },
          "sensitive_attributes": [],
          "private": "bnVsbA==",
          "dependencies": [
            "nsxt_policy_group.policy_group",
            "nsxt_policy_service.policy_service"
          ]
        }
      ]
    },
    {
      "mode": "managed",
      "type": "nsxt_policy_security_policy",
      "name": "security_policy2",
      "provider": "provider[\"registry.terraform.io/vmware/nsxt\"]",
      "instances": [
        {
          "schema_version": 0,
          "attributes": {
            "category": "Application",
            "comments": "",
            "description": "policy01",
            "display_name": "policy01",
            "domain": "default",
            "id": "f8a1d9db-2034-45c7-b064-6725b7fdc127",
            "locked": false,
            "nsx_id": "f8a1d9db-2034-45c7-b064-6725b7fdc127",
            "path": "/infra/domains/default/security-policies/f8a1d9db-2034-45c7-b064-6725b7fdc127",
            "revision": 1,
            "rule": [
              {
                "action": "ALLOW",
                "description": "rule02",
                "destination_groups": [
                  "/infra/domains/default/groups/f96f01d5-9033-4b4a-9280-09e09e25fd06"
                ],
                "destinations_excluded": false,
                "direction": "IN_OUT",
                "disabled": true,
                "display_name": "rule02",
                "ip_version": "IPV4_IPV6",
                "log_label": "",
                "logged": false,
                "notes": "",
                "nsx_id": "1ef13da9-cf22-4d3c-9729-0a540e61a6b6",
                "profiles": null,
                "revision": 0,
                "rule_id": 1012,
                "scope": null,
                "sequence_number": 0,
                "services": [
                  "/infra/services/2b9310e3-d77a-4f6e-8cdf-3c9ae84f4205"
                ],
                "source_groups": [
                  "/infra/domains/default/groups/f96f01d5-9033-4b4a-9280-09e09e25fd06"
                ],
                "sources_excluded": false,
                "tag": []
              }
            ],
            "scope": null,
            "sequence_number": 0,
            "stateful": true,
            "tag": [],
            "tcp_strict": false
          },
          "sensitive_attributes": [],
          "private": "bnVsbA==",
          "dependencies": [
            "nsxt_policy_group.policy_group",
            "nsxt_policy_service.policy_service"
          ]
        }
      ]
    },
    {
      "mode": "managed",
      "type": "nsxt_policy_service",
      "name": "policy_service",
      "provider": "provider[\"registry.terraform.io/vmware/nsxt\"]",
      "instances": [
        {
          "schema_version": 0,
          "attributes": {
            "algorithm_entry": [],
            "description": "service01",
            "display_name": "service01",
            "ether_type_entry": [],
            "icmp_entry": [],
            "id": "2b9310e3-d77a-4f6e-8cdf-3c9ae84f4205",
            "igmp_entry": [],
            "ip_protocol_entry": [],
            "l4_port_set_entry": [
              {
                "description": "",
                "destination_ports": [
                  "4440",
                  "8080"
                ],
                "display_name": "TCP",
                "protocol": "TCP",
                "source_ports": []
              }
            ],
            "nsx_id": "2b9310e3-d77a-4f6e-8cdf-3c9ae84f4205",
            "path": "/infra/services/2b9310e3-d77a-4f6e-8cdf-3c9ae84f4205",
            "revision": 0,
            "tag": []
          },
          "sensitive_attributes": [],
          "private": "bnVsbA=="
        }
      ]
    }
  ],
  "check_results": null
}
