{
  "version": 4,
  "terraform_version": "1.4.6",
  "serial": 18,
  "lineage": "169e90be-4c3f-96ea-94af-882260a0fe97",
  "outputs": {},
  "resources": [
    {
      "mode": "managed",
      "type": "nsxt_policy_group",
      "name": "group01",
      "provider": "provider[\"registry.terraform.io/vmware/nsxt\"]",
      "instances": [
        {
          "schema_version": 0,
          "attributes": {
            "conjunction": [],
            "criteria": [
              {
                "condition": [],
                "external_id_expression": [],
                "ipaddress_expression": [
                  {
                    "ip_addresses": [
                      "8.8.4.4/32",
                      "8.8.8.8/32"
                    ]
                  }
                ],
                "macaddress_expression": [],
                "path_expression": []
              }
            ],
            "description": "group01",
            "display_name": "group01",
            "domain": "default",
            "extended_criteria": [],
            "id": "ba9ad7d1-a9ac-46f2-a2bf-0571f40f9323",
            "nsx_id": "ba9ad7d1-a9ac-46f2-a2bf-0571f40f9323",
            "path": "/infra/domains/default/groups/ba9ad7d1-a9ac-46f2-a2bf-0571f40f9323",
            "revision": 0,
            "tag": []
          },
          "sensitive_attributes": [],
          "private": "bnVsbA=="
        }
      ]
    },
    {
      "mode": "managed",
      "type": "nsxt_policy_group",
      "name": "group02",
      "provider": "provider[\"registry.terraform.io/vmware/nsxt\"]",
      "instances": [
        {
          "schema_version": 0,
          "attributes": {
            "conjunction": [],
            "criteria": [
              {
                "condition": [],
                "external_id_expression": [],
                "ipaddress_expression": [
                  {
                    "ip_addresses": [
                      "8.8.4.4/32",
                      "8.8.8.8/32"
                    ]
                  }
                ],
                "macaddress_expression": [],
                "path_expression": []
              }
            ],
            "description": "group02",
            "display_name": "group02",
            "domain": "default",
            "extended_criteria": [],
            "id": "3606d919-140b-43e4-a269-723e22a27319",
            "nsx_id": "3606d919-140b-43e4-a269-723e22a27319",
            "path": "/infra/domains/default/groups/3606d919-140b-43e4-a269-723e22a27319",
            "revision": 0,
            "tag": []
          },
          "sensitive_attributes": [],
          "private": "bnVsbA=="
        }
      ]
    },
    {
      "mode": "managed",
      "type": "nsxt_policy_security_policy",
      "name": "policy01",
      "provider": "provider[\"registry.terraform.io/vmware/nsxt\"]",
      "instances": [
        {
          "schema_version": 0,
          "attributes": {
            "category": "Application",
            "comments": "",
            "description": "policy01",
            "display_name": "policy01",
            "domain": "default",
            "id": "92656078-bc81-447d-a455-06e9577e8fe8",
            "locked": false,
            "nsx_id": "92656078-bc81-447d-a455-06e9577e8fe8",
            "path": "/infra/domains/default/security-policies/92656078-bc81-447d-a455-06e9577e8fe8",
            "revision": 1,
            "rule": [
              {
                "action": "ALLOW",
                "description": "rule01",
                "destination_groups": [
                  "/infra/domains/default/groups/3606d919-140b-43e4-a269-723e22a27319",
                  "/infra/domains/default/groups/ba9ad7d1-a9ac-46f2-a2bf-0571f40f9323"
                ],
                "destinations_excluded": false,
                "direction": "IN_OUT",
                "disabled": true,
                "display_name": "rule01",
                "ip_version": "IPV4_IPV6",
                "log_label": "",
                "logged": false,
                "notes": "",
                "nsx_id": "928a7758-e713-450e-bfed-7f37ac0e000f",
                "profiles": null,
                "revision": 0,
                "rule_id": 1015,
                "scope": null,
                "sequence_number": 0,
                "services": [
                  "/infra/services/7db63d59-f328-4d78-9f77-d74f12d6c240"
                ],
                "source_groups": [
                  "/infra/domains/default/groups/ba9ad7d1-a9ac-46f2-a2bf-0571f40f9323"
                ],
                "sources_excluded": false,
                "tag": []
              },
              {
                "action": "ALLOW",
                "description": "rule02",
                "destination_groups": [
                  "/infra/domains/default/groups/3606d919-140b-43e4-a269-723e22a27319",
                  "/infra/domains/default/groups/ba9ad7d1-a9ac-46f2-a2bf-0571f40f9323"
                ],
                "destinations_excluded": false,
                "direction": "IN_OUT",
                "disabled": true,
                "display_name": "rule02",
                "ip_version": "IPV4_IPV6",
                "log_label": "",
                "logged": false,
                "notes": "",
                "nsx_id": "5edaa727-42b0-435b-84ce-6f316aeabe71",
                "profiles": null,
                "revision": 0,
                "rule_id": 1016,
                "scope": null,
                "sequence_number": 0,
                "services": [
                  "/infra/services/7db63d59-f328-4d78-9f77-d74f12d6c240"
                ],
                "source_groups": [
                  "/infra/domains/default/groups/ba9ad7d1-a9ac-46f2-a2bf-0571f40f9323"
                ],
                "sources_excluded": false,
                "tag": []
              }
            ],
            "scope": null,
            "sequence_number": 0,
            "stateful": true,
            "tag": [],
            "tcp_strict": false
          },
          "sensitive_attributes": [],
          "private": "bnVsbA==",
          "dependencies": [
            "nsxt_policy_group.group01",
            "nsxt_policy_group.group02",
            "nsxt_policy_service.service01"
          ]
        }
      ]
    },
    {
      "mode": "managed",
      "type": "nsxt_policy_service",
      "name": "service01",
      "provider": "provider[\"registry.terraform.io/vmware/nsxt\"]",
      "instances": [
        {
          "schema_version": 0,
          "attributes": {
            "algorithm_entry": [],
            "description": "service01",
            "display_name": "service01",
            "ether_type_entry": [],
            "icmp_entry": [],
            "id": "7db63d59-f328-4d78-9f77-d74f12d6c240",
            "igmp_entry": [],
            "ip_protocol_entry": [],
            "l4_port_set_entry": [
              {
                "description": "",
                "destination_ports": [
                  "4440",
                  "8080"
                ],
                "display_name": "TCP",
                "protocol": "TCP",
                "source_ports": []
              }
            ],
            "nsx_id": "7db63d59-f328-4d78-9f77-d74f12d6c240",
            "path": "/infra/services/7db63d59-f328-4d78-9f77-d74f12d6c240",
            "revision": 0,
            "tag": []
          },
          "sensitive_attributes": [],
          "private": "bnVsbA=="
        }
      ]
    },
    {
      "mode": "managed",
      "type": "nsxt_policy_service",
      "name": "service02",
      "provider": "provider[\"registry.terraform.io/vmware/nsxt\"]",
      "instances": [
        {
          "schema_version": 0,
          "attributes": {
            "algorithm_entry": [],
            "description": "service02",
            "display_name": "service02",
            "ether_type_entry": [],
            "icmp_entry": [],
            "id": "2dbc319b-732c-47e7-beca-14dc0ea05f12",
            "igmp_entry": [],
            "ip_protocol_entry": [],
            "l4_port_set_entry": [
              {
                "description": "",
                "destination_ports": [
                  "4440",
                  "8080"
                ],
                "display_name": "TCP",
                "protocol": "TCP",
                "source_ports": []
              }
            ],
            "nsx_id": "2dbc319b-732c-47e7-beca-14dc0ea05f12",
            "path": "/infra/services/2dbc319b-732c-47e7-beca-14dc0ea05f12",
            "revision": 0,
            "tag": []
          },
          "sensitive_attributes": [],
          "private": "bnVsbA=="
        }
      ]
    }
  ],
  "check_results": null
}
